fyne.io/systray v1.10.0 h1:Yr1D9Lxeiw3+vSuZWPlaHC8BMjIHZXJKkek706AfYQk=
fyne.io/systray v1.10.0/go.mod h1:oM2AQqGJ1AMo4nNqZFYU8xYygSBZkW2hmdJ7n4yjedE=
github.com/Microsoft/go-winio v0.6.0 h1:slsWYD/zyx7lCXoZVlvQrj0hPTM1HI4+v1sIda2yDvg=
github.com/Microsoft/go-winio v0.6.0/go.mod h1:cTAf44im0RAYeL23bpB+fzCyDH2MJiz2BO69KH/soAE=
github.com/akavel/rsrc v0.10.2 h1:Zxm8V5eI1hW4gGaYsJQUhxpjkENuG91ki8B4zCrvEsw=
github.com/akavel/rsrc v0.10.2/go.mod h1:uLoCtb9J+EyAqh+26kdrTgmzRBFPGOolLWKpdxkKq+c=
github.com/azurity/go-conpty v0.0.0-20230227093542-0e9715f9d5ad h1:l37dPN7HNjAn+7tOMcUkzWebXbzHBfRdZwT7posPRCA=
github.com/azurity/go-conpty v0.0.0-20230227093542-0e9715f9d5ad/go.mod h1:cmSh20Tvd0Wj58884dfaZlEU7B+o+lf9yXs5VmwUBBA=
github.com/azurity/go-onefile v0.0.0-20220627085546-ed66fdd30b6c h1:XvhE+vPHqSLsX/BP107HRLY1rNlpC5Xsk+QaiPQN1xg=
github.com/azurity/go-onefile v0.0.0-20220627085546-ed66fdd30b6c/go.mod h1:X4grlnjUiwTaysPoKcw8tt4Yb5niUPT328DO9fva3zg=
github.com/azurity/xmodem-go v0.0.0-20230326022613-0136b927818c h1:jaPdUHsiq1To6uVLSWmWIMGaDB2vKiqQr55jCY3HJAQ=
github.com/azurity/xmodem-go v0.0.0-20230326022613-0136b927818c/go.mod h1:V5lKWp2fkvWcyv2E5CFOB24fVVvxEUXHQWGgkX7dV9E=
github.com/creack/goselect v0.1.2 h1:2DNy14+JPjRBgPzAd1thbQp4BSIihxcBf0IXhQXDRa0=
github.com/creack/goselect v0.1.2/go.mod h1:a/NhLweNvqIYMuxcMOuWY516Cimucms3DglDzQP3hKY=
github.com/creack/pty v1.1.18 h1:n56/Zwd5o6whRC5PMGretI4IdRLlmBXYNjScPaBgsbY=
github.com/creack/pty v1.1.18/go.mod h1:MOBLtS5ELjhRRrroQr9kyvTxUAFNvYEK993ew/Vr4O4=
github.com/davecgh/go-spew v1.1.0 h1:ZDRjVQ15GmhC3fiQ8ni8+OwkZQO4DARzQgrnXU1Liz8=
github.com/davecgh/go-spew v1.1.0/go.mod h1:J7Y8YcW2NihsgmVo/mv3lAwl/skON4iLHjSsI+c5H38=
github.com/dchest/jsmin v0.0.0-20220218165748-59f39799265f h1:OGqDDftRTwrvUoL6pOG7rYTmWsTCvyEWFsMjg+HcOaA=
github.com/dchest/jsmin v0.0.0-20220218165748-59f39799265f/go.mod h1:Dv9D0NUlAsaQcGQZa5kc5mqR9ua72SmA8VXi4cd+cBw=
github.com/getlantern/context v0.0.0-20190109183933-c447772a6520 h1:NRUJuo3v3WGC/g5YiyF790gut6oQr5f3FBI88Wv0dx4=
github.com/getlantern/context v0.0.0-20190109183933-c447772a6520/go.mod h1:L+mq6/vvYHKjCX2oez0CgEAJmbq1fbb/oNJIWQkBybY=
github.com/getlantern/errors v0.0.0-20190325191628-abdb3e3e36f7 h1:6uJ+sZ/e03gkbqZ0kUG6mfKoqDb4XMAzMIwlajq19So=
github.com/getlantern/errors v0.0.0-20190325191628-abdb3e3e36f7/go.mod h1:l+xpFBrCtDLpK9qNjxs+cHU6+BAdlBaxHqikB6Lku3A=
github.com/getlantern/golog v0.0.0-20190830074920-4ef2e798c2d7 h1:guBYzEaLz0Vfc/jv0czrr2z7qyzTOGC9hiQ0VC+hKjk=
github.com/getlantern/golog v0.0.0-20190830074920-4ef2e798c2d7/go.mod h1:zx/1xUUeYPy3Pcmet8OSXLbF47l+3y6hIPpyLWoR9oc=
github.com/getlantern/hex v0.0.0-20190417191902-c6586a6fe0b7 h1:micT5vkcr9tOVk1FiH8SWKID8ultN44Z+yzd2y/Vyb0=
github.com/getlantern/hex v0.0.0-20190417191902-c6586a6fe0b7/go.mod h1:dD3CgOrwlzca8ed61CsZouQS5h5jIzkK9ZWrTcf0s+o=
github.com/getlantern/hidden v0.0.0-20190325191715-f02dbb02be55 h1:XYzSdCbkzOC0FDNrgJqGRo8PCMFOBFL9py72DRs7bmc=
github.com/getlantern/hidden v0.0.0-20190325191715-f02dbb02be55/go.mod h1:6mmzY2kW1TOOrVy+r41Za2MxXM+hhqTtY3oBKd2AgFA=
github.com/getlantern/ops v0.0.0-20190325191751-d70cb0d6f85f h1:wrYrQttPS8FHIRSlsrcuKazukx/xqO/PpLZzZXsF+EA=
github.com/getlantern/ops v0.0.0-20190325191751-d70cb0d6f85f/go.mod h1:D5ao98qkA6pxftxoqzibIBBrLSUli+kYnJqrgBf9cIA=
github.com/getlantern/systray v1.2.1 h1:udsC2k98v2hN359VTFShuQW6GGprRprw6kD6539JikI=
github.com/getlantern/systray v1.2.1/go.mod h1:AecygODWIsBquJCJFop8MEQcJbWFfw/1yWbVabNgpCM=
github.com/go-stack/stack v1.8.0 h1:5SgMzNM5HxrEjV0ww2lTmX6E2Izsfxas4+YHWRs3Lsk=
github.com/go-stack/stack v1.8.0/go.mod h1:v0f6uXyyMGvRgIKkXu+yp6POWl0qKG85gN/melR3HDY=
github.com/godbus/dbus/v5 v5.0.4 h1:9349emZab16e7zQvpmsbtjc18ykshndd8y2PG3sgJbA=
github.com/godbus/dbus/v5 v5.0.4/go.mod h1:xhWf0FNVPg57R7Z0UbKHbJfkEywrmjJnf7w5xrFpKfA=
github.com/google/shlex v0.0.0-20191202100458-e7afc7fbc510 h1:El6M4kTTCOh6aBiKaUGG7oYTSPP8MxqL4YI3kZKwcP4=
github.com/google/shlex v0.0.0-20191202100458-e7afc7fbc510/go.mod h1:pupxD2MaaD3pAXIBCelhxNneeOaAeabZDe5s4K6zSpQ=
github.com/gorilla/websocket v1.5.0 h1:PPwGk2jz7EePpoHN/+ClbZu8SPxiqlu12wZP/3sWmnc=
github.com/gorilla/websocket v1.5.0/go.mod h1:YR8l580nyteQvAITg2hZ9XVh4b55+EU/adAjf1fMHhE=
github.com/hack-pad/hackpadfs v0.2.1 h1:FelFhIhv26gyjujoA/yeFO+6YGlqzmc9la/6iKMIxMw=
github.com/hack-pad/hackpadfs v0.2.1/go.mod h1:khQBuCEwGXWakkmq8ZiFUvUZz84ZkJ2KNwKvChs4OrU=
github.com/josephspurrier/goversioninfo v1.4.0 h1:Puhl12NSHUSALHSuzYwPYQkqa2E1+7SrtAPJorKK0C8=
github.com/josephspurrier/goversioninfo v1.4.0/go.mod h1:JWzv5rKQr+MmW+LvM412ToT/IkYDZjaclF2pKDss8IY=
github.com/kr/fs v0.1.0 h1:Jskdu9ieNAYnjxsi0LbQp1ulIKZV1LAFgK1tWhpZgl8=
github.com/kr/fs v0.1.0/go.mod h1:FFnZGqtBN9Gxj7eW1uZ42v5BccTP0vu6NEaFoC2HwRg=
github.com/ncruces/zenity v0.10.6 h1:lA5SupAxxDSEL4BkaLBkv2LJrh2YxJkbEBxwrF0awXY=
github.com/ncruces/zenity v0.10.6/go.mod h1:Mp6EUzPkII5A30OSUN/zfEVYOZ3196Fzvq1ba+qyxRk=
github.com/oxtoacart/bpool v0.0.0-20190530202638-03653db5a59c h1:rp5dCmg/yLR3mgFuSOe4oEnDDmGLROTvMragMUXpTQw=
github.com/oxtoacart/bpool v0.0.0-20190530202638-03653db5a59c/go.mod h1:X07ZCGwUbLaax7L0S3Tw4hpejzu63ZrrQiUe6W0hcy0=
github.com/pkg/browser v0.0.0-20210911075715-681adbf594b8 h1:KoWmjvw+nsYOo29YJK9vDA65RGE3NrOnUtO7a+RF9HU=
github.com/pkg/browser v0.0.0-20210911075715-681adbf594b8/go.mod h1:HKlIX3XHQyzLZPlr7++PzdhaXEj94dEiJgZDTsxEqUI=
github.com/pkg/sftp v1.13.5 h1:a3RLUqkyjYRtBTZJZ1VRrKbN3zhuPLlUc3sphVz81go=
github.com/pkg/sftp v1.13.5/go.mod h1:wHDZ0IZX6JcBYRK1TH9bcVq8G7TLpVHYIGJRFnmPfxg=
github.com/pmezard/go-difflib v1.0.0 h1:4DBwDE0NGyQoBHbLQYPwSUPoCMWR5BEzIk/f1lZbAQM=
github.com/pmezard/go-difflib v1.0.0/go.mod h1:iKH77koFhYxTK1pcRnkKkqfTogsbg7gZNVY4sRDYZ/4=
github.com/randall77/makefat v0.0.0-20210315173500-7ddd0e42c844 h1:GranzK4hv1/pqTIhMTXt2X8MmMOuH3hMeUR0o9SP5yc=
github.com/randall77/makefat v0.0.0-20210315173500-7ddd0e42c844/go.mod h1:T1TLSfyWVBRXVGzWd0o9BI4kfoO9InEgfQe4NV3mLz8=
github.com/stretchr/objx v0.1.0/go.mod h1:HFkY916IF+rwdDfMAkV7OtwuqBVzrE8GR6GFx+wExME=
github.com/stretchr/testify v1.3.0/go.mod h1:M5WIy9Dh21IEIfnGCwXGc5bZfKNJtfHm1UVUgZn+9EI=
github.com/stretchr/testify v1.6.1/go.mod h1:6Fq8oRcR53rry900zMqJjRRixrwX3KX962/h/Wwjteg=
github.com/stretchr/testify v1.7.0 h1:nwc3DEeHmmLAfoZucVR881uASk0Mfjw8xYJ99tb5CcY=
github.com/stretchr/testify v1.7.0/go.mod h1:6Fq8oRcR53rry900zMqJjRRixrwX3KX962/h/Wwjteg=
github.com/tevino/abool v1.2.0 h1:heAkClL8H6w+mK5md9dzsuohKeXHUpY7Vw0ZCKW+huA=
github.com/tevino/abool v1.2.0/go.mod h1:qc66Pna1RiIsPa7O4Egxxs9OqkuxDX55zznh9K07Tzg=
github.com/yuin/goldmark v1.4.13/go.mod h1:6yULJ656Px+3vBD8DxQVa3kxgyrAnzto9xy5taEt/CY=
go.bug.st/serial v1.5.0 h1:ThuUkHpOEmCVXxGEfpoExjQCS2WBVV4ZcUKVYInM9T4=
go.bug.st/serial v1.5.0/go.mod h1:UABfsluHAiaNI+La2iESysd9Vetq7VRdpxvjx7CmmOE=
go.uber.org/goleak v1.2.0 h1:xqgm/S+aQvhWFTtR0XK3Jvg7z8kGV8P4X14IzwN3Eqk=
golang.org/x/crypto v0.0.0-20190308221718-c2843e01d9a2/go.mod h1:djNgcEr1/C05ACkg1iLfiJU5Ep61QUkGW8qpdssI0+w=
golang.org/x/crypto v0.0.0-20210921155107-089bfa567519/go.mod h1:GvvjBRRGRdwPK5ydBHafDWAxML/pGHZbMvKqRZ5+Abc=
golang.org/x/crypto v0.0.0-20211215153901-e495a2d5b3d3/go.mod h1:IxCIyHEi3zRg3s0A5j5BB6A9Jmi73HwBIUl50j+osU4=
golang.org/x/crypto v0.6.0 h1:qfktjS5LUO+fFKeJXZ+ikTRijMmljikvG68fpMMruSc=
golang.org/x/crypto v0.6.0/go.mod h1:OFC/31mSvZgRz0V1QTNCzfAI1aIRzbiufJtkMIlEp58=
golang.org/x/image v0.4.0 h1:x1RWAiZIvERqkltrFjtQP1ycmiR5pmhjtCfVOtdURuQ=
golang.org/x/image v0.4.0/go.mod h1:FVC7BI/5Ym8R25iw5OLsgshdUBbT1h5jZTpA+mvAdZ4=
golang.org/x/mod v0.6.0-dev.0.20220419223038-86c51ed26bb4 h1:6zppjxzCulZykYSLyVDYbneBfbaBIQPYMevg0bEwv2s=
golang.org/x/mod v0.6.0-dev.0.20220419223038-86c51ed26bb4/go.mod h1:jJ57K6gSWd91VN4djpZkiMVwK6gcyfeH4XE8wZrZaV4=
golang.org/x/net v0.0.0-20190620200207-3b0461eec859/go.mod h1:z5CRVTTTmAJ677TzLLGU+0bjPO0LkuOLi4/5GtJWs/s=
golang.org/x/net v0.0.0-20210226172049-e18ecbb05110/go.mod h1:m0MpNAwzfU5UDzcl9v0D8zg8gWTRqZa9RBIspLL5mdg=
golang.org/x/net v0.0.0-20211112202133-69e39bad7dc2/go.mod h1:9nx3DQGgdP8bBQD5qxJ1jj9UTztislL4KSBs9R2vV5Y=
golang.org/x/net v0.0.0-20220722155237-a158d28d115b/go.mod h1:XRhObCWvk6IyKnWLug+ECip1KBveYUHfp+8e9klMJ9c=
golang.org/x/sync v0.0.0-20190423024810-112230192c58/go.mod h1:RxMgew5VJxzue5/jJTE5uejpjVlOe/izrB70Jof72aM=
golang.org/x/sync v0.0.0-20220722155255-886fb9371eb4/go.mod h1:RxMgew5VJxzue5/jJTE5uejpjVlOe/izrB70Jof72aM=
golang.org/x/sys v0.0.0-20190215142949-d0b11bdaac8a/go.mod h1:STP8DvDyc/dI5b8T5hshtkjS+E42TnysNCUPdjciGhY=
golang.org/x/sys v0.0.0-20200515095857-1151b9dac4a9/go.mod h1:h1NjWce9XRLGQEsW7wpKNCjG9DtNlClVuFLEZdDNbEs=
golang.org/x/sys v0.0.0-20201119102817-f84b799fce68/go.mod h1:h1NjWce9XRLGQEsW7wpKNCjG9DtNlClVuFLEZdDNbEs=
golang.org/x/sys v0.0.0-20210423082822-04245dca01da/go.mod h1:h1NjWce9XRLGQEsW7wpKNCjG9DtNlClVuFLEZdDNbEs=
golang.org/x/sys v0.0.0-20210615035016-665e8c7367d1/go.mod h1:oPkhp1MJrh7nUepCBck5+mAzfO9JrbApNNgaTdGDITg=
golang.org/x/sys v0.0.0-20210616045830-e2b7044e8c71/go.mod h1:oPkhp1MJrh7nUepCBck5+mAzfO9JrbApNNgaTdGDITg=
golang.org/x/sys v0.0.0-20211216021012-1d35b9e2eb4e/go.mod h1:oPkhp1MJrh7nUepCBck5+mAzfO9JrbApNNgaTdGDITg=
golang.org/x/sys v0.0.0-20220520151302-bc2c85ada10a/go.mod h1:oPkhp1MJrh7nUepCBck5+mAzfO9JrbApNNgaTdGDITg=
golang.org/x/sys v0.0.0-20220722155257-8c9f86f7a55f/go.mod h1:oPkhp1MJrh7nUepCBck5+mAzfO9JrbApNNgaTdGDITg=
golang.org/x/sys v0.5.0 h1:MUK/U/4lj1t1oPg0HfuXDN/Z1wv31ZJ/YcPiGccS4DU=
golang.org/x/sys v0.5.0/go.mod h1:oPkhp1MJrh7nUepCBck5+mAzfO9JrbApNNgaTdGDITg=
golang.org/x/term v0.0.0-20201126162022-7de9c90e9dd1/go.mod h1:bj7SfCRtBDWHUb9snDiAeCFNEtKQo2Wmx5Cou7ajbmo=
golang.org/x/term v0.0.0-20210927222741-03fcf44c2211/go.mod h1:jbD1KX2456YbFQfuXm/mYQcufACuNUgVhRMnK/tPxf8=
golang.org/x/term v0.5.0 h1:n2a8QNdAb0sZNpU9R1ALUXBbY+w51fCQDN+7EdxNBsY=
golang.org/x/text v0.3.0/go.mod h1:NqM8EUOU14njkJ3fqMW+pc6Ldnwhi/IjpwHt7yyuwOQ=
golang.org/x/text v0.3.3/go.mod h1:5Zoc/QRtKVWzQhOtBMvqHzDpF6irO9z98xDceosuGiQ=
golang.org/x/text v0.3.6/go.mod h1:5Zoc/QRtKVWzQhOtBMvqHzDpF6irO9z98xDceosuGiQ=
golang.org/x/text v0.3.7/go.mod h1:u+2+/6zg+i71rQMx5EYifcz6MCKuco9NR6JIITiCfzQ=
golang.org/x/text v0.7.0/go.mod h1:mrYo+phRRbMaCq/xk9113O4dZlRixOauAjOtrjsXDZ8=
golang.org/x/tools v0.0.0-20180917221912-90fa682c2a6e/go.mod h1:n7NCudcB/nEzxVGmLbDWY5pfWTLqBcC2KZ6jyYvM4mQ=
golang.org/x/tools v0.0.0-20191119224855-298f0cb1881e/go.mod h1:b+2E5dAYhXwXZwtnZ6UAqBI28+e2cm9otk0dWdXHAEo=
golang.org/x/tools v0.1.12 h1:VveCTK38A2rkS8ZqFY25HIDFscX5X9OoEhJd3quQmXU=
golang.org/x/tools v0.1.12/go.mod h1:hNGJHUnrk76NpqgfD5Aqm5Crs+Hm0VOH/i9J2+nxYbc=
golang.org/x/xerrors v0.0.0-20190717185122-a985d3407aa7/go.mod h1:I/5z698sn9Ka8TeJc9MKroUUfqBBauWjQqLJ2OPfmY0=
gopkg.in/check.v1 v0.0.0-20161208181325-20d25e280405/go.mod h1:Co6ibVJAznAaIkqp8huTwlJQCZ016jof/cbN4VW5Yz0=
gopkg.in/yaml.v3 v3.0.0-20200313102051-9f266ea9e77c h1:dUUwHk2QECo/6vqA44rthZ8ie2QXMNeKRTHCNY2nXvo=
gopkg.in/yaml.v3 v3.0.0-20200313102051-9f266ea9e77c/go.mod h1:K4uyk7z7BCEPqu6E+C64Yfv1cQ7kz7rIZviUmN+EgEM=
